// !$*UTF8*$!
{
	archiveVersion = 1;
	classes = {
	};
	objectVersion = 56;
	objects = {

/* Begin PBXBuildFile section */
		F45F3A6E2AB89A3C00EB8AFA /* AppDelegate.swift in Sources */ = {isa = PBXBuildFile; fileRef = F45F3A6D2AB89A3C00EB8AFA /* AppDelegate.swift */; };
		F45F3A702AB89A3C00EB8AFA /* SceneDelegate.swift in Sources */ = {isa = PBXBuildFile; fileRef = F45F3A6F2AB89A3C00EB8AFA /* SceneDelegate.swift */; };
		F45F3A722AB89A3C00EB8AFA /* MainViewController.swift in Sources */ = {isa = PBXBuildFile; fileRef = F45F3A712AB89A3C00EB8AFA /* MainViewController.swift */; };
		F45F3A772AB89A3D00EB8AFA /* Assets.xcassets in Resources */ = {isa = PBXBuildFile; fileRef = F45F3A762AB89A3D00EB8AFA /* Assets.xcassets */; };
		F45F3A7A2AB89A3D00EB8AFA /* LaunchScreen.storyboard in Resources */ = {isa = PBXBuildFile; fileRef = F45F3A782AB89A3D00EB8AFA /* LaunchScreen.storyboard */; };
		F45F3A822AB89AA000EB8AFA /* APIManager.swift in Sources */ = {isa = PBXBuildFile; fileRef = F45F3A812AB89AA000EB8AFA /* APIManager.swift */; };
		F45F3A842AB89AD100EB8AFA /* .gitignore in Resources */ = {isa = PBXBuildFile; fileRef = F45F3A832AB89AD100EB8AFA /* .gitignore */; };
		F45F3A862AB89AE500EB8AFA /* APIKey.swift in Sources */ = {isa = PBXBuildFile; fileRef = F45F3A852AB89AE500EB8AFA /* APIKey.swift */; };
		F45F3A892AB89C6600EB8AFA /* Photo.swift in Sources */ = {isa = PBXBuildFile; fileRef = F45F3A882AB89C6600EB8AFA /* Photo.swift */; };
		F45F3A8B2AB89EE300EB8AFA /* ViewModel.swift in Sources */ = {isa = PBXBuildFile; fileRef = F45F3A8A2AB89EE300EB8AFA /* ViewModel.swift */; };
		F45F3A8D2AB89EF000EB8AFA /* Observable.swift in Sources */ = {isa = PBXBuildFile; fileRef = F45F3A8C2AB89EF000EB8AFA /* Observable.swift */; };
		F45F3A902AB8A19E00EB8AFA /* SnapKit in Frameworks */ = {isa = PBXBuildFile; productRef = F45F3A8F2AB8A19E00EB8AFA /* SnapKit */; };
		F45F3A932AB8A66C00EB8AFA /* Alamofire in Frameworks */ = {isa = PBXBuildFile; productRef = F45F3A922AB8A66C00EB8AFA /* Alamofire */; };
/* End PBXBuildFile section */

/* Begin PBXFileReference section */
		F45F3A6A2AB89A3C00EB8AFA /* Unsplash_Assignment.app */ = {isa = PBXFileReference; explicitFileType = wrapper.application; includeInIndex = 0; path = Unsplash_Assignment.app; sourceTree = BUILT_PRODUCTS_DIR; };
		F45F3A6D2AB89A3C00EB8AFA /* AppDelegate.swift */ = {isa = PBXFileReference; lastKnownFileType = sourcecode.swift; path = AppDelegate.swift; sourceTree = "<group>"; };
		F45F3A6F2AB89A3C00EB8AFA /* SceneDelegate.swift */ = {isa = PBXFileReference; lastKnownFileType = sourcecode.swift; path = SceneDelegate.swift; sourceTree = "<group>"; };
		F45F3A712AB89A3C00EB8AFA /* MainViewController.swift */ = {isa = PBXFileReference; lastKnownFileType = sourcecode.swift; path = MainViewController.swift; sourceTree = "<group>"; };
		F45F3A762AB89A3D00EB8AFA /* Assets.xcassets */ = {isa = PBXFileReference; lastKnownFileType = folder.assetcatalog; path = Assets.xcassets; sourceTree = "<group>"; };
		F45F3A792AB89A3D00EB8AFA /* Base */ = {isa = PBXFileReference; lastKnownFileType = file.storyboard; name = Base; path = Base.lproj/LaunchScreen.storyboard; sourceTree = "<group>"; };
		F45F3A7B2AB89A3D00EB8AFA /* Info.plist */ = {isa = PBXFileReference; lastKnownFileType = text.plist.xml; path = Info.plist; sourceTree = "<group>"; };
		F45F3A812AB89AA000EB8AFA /* APIManager.swift */ = {isa = PBXFileReference; lastKnownFileType = sourcecode.swift; path = APIManager.swift; sourceTree = "<group>"; };
		F45F3A832AB89AD100EB8AFA /* .gitignore */ = {isa = PBXFileReference; lastKnownFileType = text; path = .gitignore; sourceTree = "<group>"; };
		F45F3A852AB89AE500EB8AFA /* APIKey.swift */ = {isa = PBXFileReference; lastKnownFileType = sourcecode.swift; path = APIKey.swift; sourceTree = "<group>"; };
		F45F3A882AB89C6600EB8AFA /* Photo.swift */ = {isa = PBXFileReference; lastKnownFileType = sourcecode.swift; path = Photo.swift; sourceTree = "<group>"; };
		F45F3A8A2AB89EE300EB8AFA /* ViewModel.swift */ = {isa = PBXFileReference; lastKnownFileType = sourcecode.swift; path = ViewModel.swift; sourceTree = "<group>"; };
		F45F3A8C2AB89EF000EB8AFA /* Observable.swift */ = {isa = PBXFileReference; lastKnownFileType = sourcecode.swift; path = Observable.swift; sourceTree = "<group>"; };
/* End PBXFileReference section */

/* Begin PBXFrameworksBuildPhase section */
		F45F3A672AB89A3C00EB8AFA /* Frameworks */ = {
			isa = PBXFrameworksBuildPhase;
			buildActionMask = 2147483647;
			files = (
				F45F3A902AB8A19E00EB8AFA /* SnapKit in Frameworks */,
				F45F3A932AB8A66C00EB8AFA /* Alamofire in Frameworks */,
			);
			runOnlyForDeploymentPostprocessing = 0;
		};
/* End PBXFrameworksBuildPhase section */

/* Begin PBXGroup section */
		F45F3A612AB89A3C00EB8AFA = {
			isa = PBXGroup;
			children = (
				F45F3A6C2AB89A3C00EB8AFA /* Unsplash_Assignment */,
				F45F3A6B2AB89A3C00EB8AFA /* Products */,
			);
			sourceTree = "<group>";
		};
		F45F3A6B2AB89A3C00EB8AFA /* Products */ = {
			isa = PBXGroup;
			children = (
				F45F3A6A2AB89A3C00EB8AFA /* Unsplash_Assignment.app */,
			);
			name = Products;
			sourceTree = "<group>";
		};
		F45F3A6C2AB89A3C00EB8AFA /* Unsplash_Assignment */ = {
			isa = PBXGroup;
			children = (
				F45F3A872AB89C4B00EB8AFA /* Unsplash */,
				F45F3A6D2AB89A3C00EB8AFA /* AppDelegate.swift */,
				F45F3A6F2AB89A3C00EB8AFA /* SceneDelegate.swift */,
				F45F3A762AB89A3D00EB8AFA /* Assets.xcassets */,
				F45F3A782AB89A3D00EB8AFA /* LaunchScreen.storyboard */,
				F45F3A7B2AB89A3D00EB8AFA /* Info.plist */,
				F45F3A832AB89AD100EB8AFA /* .gitignore */,
				F45F3A852AB89AE500EB8AFA /* APIKey.swift */,
			);
			path = Unsplash_Assignment;
			sourceTree = "<group>";
		};
		F45F3A872AB89C4B00EB8AFA /* Unsplash */ = {
			isa = PBXGroup;
			children = (
				F45F3A812AB89AA000EB8AFA /* APIManager.swift */,
				F45F3A712AB89A3C00EB8AFA /* MainViewController.swift */,
				F45F3A882AB89C6600EB8AFA /* Photo.swift */,
				F45F3A8A2AB89EE300EB8AFA /* ViewModel.swift */,
				F45F3A8C2AB89EF000EB8AFA /* Observable.swift */,
			);
			path = Unsplash;
			sourceTree = "<group>";
		};
/* End PBXGroup section */

/* Begin PBXNativeTarget section */
		F45F3A692AB89A3C00EB8AFA /* Unsplash_Assignment */ = {
			isa = PBXNativeTarget;
			buildConfigurationList = F45F3A7E2AB89A3D00EB8AFA /* Build configuration list for PBXNativeTarget "Unsplash_Assignment" */;
			buildPhases = (
				F45F3A662AB89A3C00EB8AFA /* Sources */,
				F45F3A672AB89A3C00EB8AFA /* Frameworks */,
				F45F3A682AB89A3C00EB8AFA /* Resources */,
			);
			buildRules = (
			);
			dependencies = (
			);
			name = Unsplash_Assignment;
			packageProductDependencies = (
				F45F3A8F2AB8A19E00EB8AFA /* SnapKit */,
				F45F3A922AB8A66C00EB8AFA /* Alamofire */,
			);
			productName = Unsplash_Assignment;
			productReference = F45F3A6A2AB89A3C00EB8AFA /* Unsplash_Assignment.app */;
			productType = "com.apple.product-type.application";
		};
/* End PBXNativeTarget section */

/* Begin PBXProject section */
		F45F3A622AB89A3C00EB8AFA /* Project object */ = {
			isa = PBXProject;
			attributes = {
				BuildIndependentTargetsInParallel = 1;
				LastSwiftUpdateCheck = 1430;
				LastUpgradeCheck = 1430;
				TargetAttributes = {
					F45F3A692AB89A3C00EB8AFA = {
						CreatedOnToolsVersion = 14.3.1;
					};
				};
			};
			buildConfigurationList = F45F3A652AB89A3C00EB8AFA /* Build configuration list for PBXProject "Unsplash_Assignment" */;
			compatibilityVersion = "Xcode 14.0";
			developmentRegion = en;
			hasScannedForEncodings = 0;
			knownRegions = (
				en,
				Base,
			);
			mainGroup = F45F3A612AB89A3C00EB8AFA;
			packageReferences = (
				F45F3A8E2AB8A19E00EB8AFA /* XCRemoteSwiftPackageReference "SnapKit" */,
				F45F3A912AB8A66C00EB8AFA /* XCRemoteSwiftPackageReference "Alamofire" */,
			);
			productRefGroup = F45F3A6B2AB89A3C00EB8AFA /* Products */;
			projectDirPath = "";
			projectRoot = "";
			targets = (
				F45F3A692AB89A3C00EB8AFA /* Unsplash_Assignment */,
			);
		};
/* End PBXProject section */

/* Begin PBXResourcesBuildPhase section */
		F45F3A682AB89A3C00EB8AFA /* Resources */ = {
			isa = PBXResourcesBuildPhase;
			buildActionMask = 2147483647;
			files = (
				F45F3A7A2AB89A3D00EB8AFA /* LaunchScreen.storyboard in Resources */,
				F45F3A842AB89AD100EB8AFA /* .gitignore in Resources */,
				F45F3A772AB89A3D00EB8AFA /* Assets.xcassets in Resources */,
			);
			runOnlyForDeploymentPostprocessing = 0;
		};
/* End PBXResourcesBuildPhase section */

/* Begin PBXSourcesBuildPhase section */
		F45F3A662AB89A3C00EB8AFA /* Sources */ = {
			isa = PBXSourcesBuildPhase;
			buildActionMask = 2147483647;
			files = (
				F45F3A8D2AB89EF000EB8AFA /* Observable.swift in Sources */,
				F45F3A892AB89C6600EB8AFA /* Photo.swift in Sources */,
				F45F3A822AB89AA000EB8AFA /* APIManager.swift in Sources */,
				F45F3A722AB89A3C00EB8AFA /* MainViewController.swift in Sources */,
				F45F3A6E2AB89A3C00EB8AFA /* AppDelegate.swift in Sources */,
				F45F3A702AB89A3C00EB8AFA /* SceneDelegate.swift in Sources */,
				F45F3A862AB89AE500EB8AFA /* APIKey.swift in Sources */,
				F45F3A8B2AB89EE300EB8AFA /* ViewModel.swift in Sources */,
			);
			runOnlyForDeploymentPostprocessing = 0;
		};
/* End PBXSourcesBuildPhase section */

/* Begin PBXVariantGroup section */
		F45F3A782AB89A3D00EB8AFA /* LaunchScreen.storyboard */ = {
			isa = PBXVariantGroup;
			children = (
				F45F3A792AB89A3D00EB8AFA /* Base */,
			);
			name = LaunchScreen.storyboard;
			sourceTree = "<group>";
		};
/* End PBXVariantGroup section */

/* Begin XCBuildConfiguration section */
		F45F3A7C2AB89A3D00EB8AFA /* Debug */ = {
			isa = XCBuildConfiguration;
			buildSettings = {
				ALWAYS_SEARCH_USER_PATHS = NO;
				CLANG_ANALYZER_NONNULL = YES;
				CLANG_ANALYZER_NUMBER_OBJECT_CONVERSION = YES_AGGRESSIVE;
				CLANG_CXX_LANGUAGE_STANDARD = "gnu++20";
				CLANG_ENABLE_MODULES = YES;
				CLANG_ENABLE_OBJC_ARC = YES;
				CLANG_ENABLE_OBJC_WEAK = YES;
				CLANG_WARN_BLOCK_CAPTURE_AUTORELEASING = YES;
				CLANG_WARN_BOOL_CONVERSION = YES;
				CLANG_WARN_COMMA = YES;
				CLANG_WARN_CONSTANT_CONVERSION = YES;
				CLANG_WARN_DEPRECATED_OBJC_IMPLEMENTATIONS = YES;
				CLANG_WARN_DIRECT_OBJC_ISA_USAGE = YES_ERROR;
				CLANG_WARN_DOCUMENTATION_COMMENTS = YES;
				CLANG_WARN_EMPTY_BODY = YES;
				CLANG_WARN_ENUM_CONVERSION = YES;
				CLANG_WARN_INFINITE_RECURSION = YES;
				CLANG_WARN_INT_CONVERSION = YES;
				CLANG_WARN_NON_LITERAL_NULL_CONVERSION = YES;
				CLANG_WARN_OBJC_IMPLICIT_RETAIN_SELF = YES;
				CLANG_WARN_OBJC_LITERAL_CONVERSION = YES;
				CLANG_WARN_OBJC_ROOT_CLASS = YES_ERROR;
				CLANG_WARN_QUOTED_INCLUDE_IN_FRAMEWORK_HEADER = YES;
				CLANG_WARN_RANGE_LOOP_ANALYSIS = YES;
				CLANG_WARN_STRICT_PROTOTYPES = YES;
				CLANG_WARN_SUSPICIOUS_MOVE = YES;
				CLANG_WARN_UNGUARDED_AVAILABILITY = YES_AGGRESSIVE;
				CLANG_WARN_UNREACHABLE_CODE = YES;
				CLANG_WARN__DUPLICATE_METHOD_MATCH = YES;
				COPY_PHASE_STRIP = NO;
				DEBUG_INFORMATION_FORMAT = dwarf;
				ENABLE_STRICT_OBJC_MSGSEND = YES;
				ENABLE_TESTABILITY = YES;
				GCC_C_LANGUAGE_STANDARD = gnu11;
				GCC_DYNAMIC_NO_PIC = NO;
				GCC_NO_COMMON_BLOCKS = YES;
				GCC_OPTIMIZATION_LEVEL = 0;
				GCC_PREPROCESSOR_DEFINITIONS = (
					"DEBUG=1",
					"$(inherited)",
				);
				GCC_WARN_64_TO_32_BIT_CONVERSION = YES;
				GCC_WARN_ABOUT_RETURN_TYPE = YES_ERROR;
				GCC_WARN_UNDECLARED_SELECTOR = YES;
				GCC_WARN_UNINITIALIZED_AUTOS = YES_AGGRESSIVE;
				GCC_WARN_UNUSED_FUNCTION = YES;
				GCC_WARN_UNUSED_VARIABLE = YES;
				IPHONEOS_DEPLOYMENT_TARGET = 16.4;
				MTL_ENABLE_DEBUG_INFO = INCLUDE_SOURCE;
				MTL_FAST_MATH = YES;
				ONLY_ACTIVE_ARCH = YES;
				SDKROOT = iphoneos;
				SWIFT_ACTIVE_COMPILATION_CONDITIONS = DEBUG;
				SWIFT_OPTIMIZATION_LEVEL = "-Onone";
			};
			name = Debug;
		};
		F45F3A7D2AB89A3D00EB8AFA /* Release */ = {
			isa = XCBuildConfiguration;
			buildSettings = {
				ALWAYS_SEARCH_USER_PATHS = NO;
				CLANG_ANALYZER_NONNULL = YES;
				CLANG_ANALYZER_NUMBER_OBJECT_CONVERSION = YES_AGGRESSIVE;
				CLANG_CXX_LANGUAGE_STANDARD = "gnu++20";
				CLANG_ENABLE_MODULES = YES;
				CLANG_ENABLE_OBJC_ARC = YES;
				CLANG_ENABLE_OBJC_WEAK = YES;
				CLANG_WARN_BLOCK_CAPTURE_AUTORELEASING = YES;
				CLANG_WARN_BOOL_CONVERSION = YES;
				CLANG_WARN_COMMA = YES;
				CLANG_WARN_CONSTANT_CONVERSION = YES;
				CLANG_WARN_DEPRECATED_OBJC_IMPLEMENTATIONS = YES;
				CLANG_WARN_DIRECT_OBJC_ISA_USAGE = YES_ERROR;
				CLANG_WARN_DOCUMENTATION_COMMENTS = YES;
				CLANG_WARN_EMPTY_BODY = YES;
				CLANG_WARN_ENUM_CONVERSION = YES;
				CLANG_WARN_INFINITE_RECURSION = YES;
				CLANG_WARN_INT_CONVERSION = YES;
				CLANG_WARN_NON_LITERAL_NULL_CONVERSION = YES;
				CLANG_WARN_OBJC_IMPLICIT_RETAIN_SELF = YES;
				CLANG_WARN_OBJC_LITERAL_CONVERSION = YES;
				CLANG_WARN_OBJC_ROOT_CLASS = YES_ERROR;
				CLANG_WARN_QUOTED_INCLUDE_IN_FRAMEWORK_HEADER = YES;
				CLANG_WARN_RANGE_LOOP_ANALYSIS = YES;
				CLANG_WARN_STRICT_PROTOTYPES = YES;
				CLANG_WARN_SUSPICIOUS_MOVE = YES;
				CLANG_WARN_UNGUARDED_AVAILABILITY = YES_AGGRESSIVE;
				CLANG_WARN_UNREACHABLE_CODE = YES;
				CLANG_WARN__DUPLICATE_METHOD_MATCH = YES;
				COPY_PHASE_STRIP = NO;
				DEBUG_INFORMATION_FORMAT = "dwarf-with-dsym";
				ENABLE_NS_ASSERTIONS = NO;
				ENABLE_STRICT_OBJC_MSGSEND = YES;
				GCC_C_LANGUAGE_STANDARD = gnu11;
				GCC_NO_COMMON_BLOCKS = YES;
				GCC_WARN_64_TO_32_BIT_CONVERSION = YES;
				GCC_WARN_ABOUT_RETURN_TYPE = YES_ERROR;
				GCC_WARN_UNDECLARED_SELECTOR = YES;
				GCC_WARN_UNINITIALIZED_AUTOS = YES_AGGRESSIVE;
				GCC_WARN_UNUSED_FUNCTION = YES;
				GCC_WARN_UNUSED_VARIABLE = YES;
				IPHONEOS_DEPLOYMENT_TARGET = 16.4;
				MTL_ENABLE_DEBUG_INFO = NO;
				MTL_FAST_MATH = YES;
				SDKROOT = iphoneos;
				SWIFT_COMPILATION_MODE = wholemodule;
				SWIFT_OPTIMIZATION_LEVEL = "-O";
				VALIDATE_PRODUCT = YES;
			};
			name = Release;
		};
		F45F3A7F2AB89A3D00EB8AFA /* Debug */ = {
			isa = XCBuildConfiguration;
			buildSettings = {
				ASSETCATALOG_COMPILER_APPICON_NAME = AppIcon;
				ASSETCATALOG_COMPILER_GLOBAL_ACCENT_COLOR_NAME = AccentColor;
				CODE_SIGN_STYLE = Automatic;
				CURRENT_PROJECT_VERSION = 1;
				DEVELOPMENT_TEAM = N54L2GS5Z3;
				GENERATE_INFOPLIST_FILE = YES;
				INFOPLIST_FILE = Unsplash_Assignment/Info.plist;
				INFOPLIST_KEY_UIApplicationSupportsIndirectInputEvents = YES;
				INFOPLIST_KEY_UILaunchStoryboardName = LaunchScreen;
				INFOPLIST_KEY_UISupportedInterfaceOrientations = UIInterfaceOrientationPortrait;
				INFOPLIST_KEY_UISupportedInterfaceOrientations_iPad = "UIInterfaceOrientationLandscapeLeft UIInterfaceOrientationLandscapeRight UIInterfaceOrientationPortrait UIInterfaceOrientationPortraitUpsideDown";
				IPHONEOS_DEPLOYMENT_TARGET = 16.0;
				LD_RUNPATH_SEARCH_PATHS = (
					"$(inherited)",
					"@executable_path/Frameworks",
				);
				MARKETING_VERSION = 1.0;
				PRODUCT_BUNDLE_IDENTIFIER = "eunseo.Unsplash-Assignment";
				PRODUCT_NAME = "$(TARGET_NAME)";
				SUPPORTED_PLATFORMS = "iphoneos iphonesimulator";
				SUPPORTS_MACCATALYST = NO;
				SUPPORTS_MAC_DESIGNED_FOR_IPHONE_IPAD = NO;
				SWIFT_EMIT_LOC_STRINGS = YES;
				SWIFT_VERSION = 5.0;
				TARGETED_DEVICE_FAMILY = 1;
			};
			name = Debug;
		};
		F45F3A802AB89A3D00EB8AFA /* Release */ = {
			isa = XCBuildConfiguration;
			buildSettings = {
				ASSETCATALOG_COMPILER_APPICON_NAME = AppIcon;
				ASSETCATALOG_COMPILER_GLOBAL_ACCENT_COLOR_NAME = AccentColor;
				CODE_SIGN_STYLE = Automatic;
				CURRENT_PROJECT_VERSION = 1;
				DEVELOPMENT_TEAM = N54L2GS5Z3;
				GENERATE_INFOPLIST_FILE = YES;
				INFOPLIST_FILE = Unsplash_Assignment/Info.plist;
				INFOPLIST_KEY_UIApplicationSupportsIndirectInputEvents = YES;
				INFOPLIST_KEY_UILaunchStoryboardName = LaunchScreen;
				INFOPLIST_KEY_UISupportedInterfaceOrientations = UIInterfaceOrientationPortrait;
				INFOPLIST_KEY_UISupportedInterfaceOrientations_iPad = "UIInterfaceOrientationLandscapeLeft UIInterfaceOrientationLandscapeRight UIInterfaceOrientationPortrait UIInterfaceOrientationPortraitUpsideDown";
				IPHONEOS_DEPLOYMENT_TARGET = 16.0;
				LD_RUNPATH_SEARCH_PATHS = (
					"$(inherited)",
					"@executable_path/Frameworks",
				);
				MARKETING_VERSION = 1.0;
				PRODUCT_BUNDLE_IDENTIFIER = "eunseo.Unsplash-Assignment";
				PRODUCT_NAME = "$(TARGET_NAME)";
				SUPPORTED_PLATFORMS = "iphoneos iphonesimulator";
				SUPPORTS_MACCATALYST = NO;
				SUPPORTS_MAC_DESIGNED_FOR_IPHONE_IPAD = NO;
				SWIFT_EMIT_LOC_STRINGS = YES;
				SWIFT_VERSION = 5.0;
				TARGETED_DEVICE_FAMILY = 1;
			};
			name = Release;
		};
/* End XCBuildConfiguration section */

/* Begin XCConfigurationList section */
		F45F3A652AB89A3C00EB8AFA /* Build configuration list for PBXProject "Unsplash_Assignment" */ = {
			isa = XCConfigurationList;
			buildConfigurations = (
				F45F3A7C2AB89A3D00EB8AFA /* Debug */,
				F45F3A7D2AB89A3D00EB8AFA /* Release */,
			);
			defaultConfigurationIsVisible = 0;
			defaultConfigurationName = Release;
		};
		F45F3A7E2AB89A3D00EB8AFA /* Build configuration list for PBXNativeTarget "Unsplash_Assignment" */ = {
			isa = XCConfigurationList;
			buildConfigurations = (
				F45F3A7F2AB89A3D00EB8AFA /* Debug */,
				F45F3A802AB89A3D00EB8AFA /* Release */,
			);
			defaultConfigurationIsVisible = 0;
			defaultConfigurationName = Release;
		};
/* End XCConfigurationList section */

/* Begin XCRemoteSwiftPackageReference section */
		F45F3A8E2AB8A19E00EB8AFA /* XCRemoteSwiftPackageReference "SnapKit" */ = {
			isa = XCRemoteSwiftPackageReference;
			repositoryURL = "https://github.com/SnapKit/SnapKit.git";
			requirement = {
				kind = upToNextMajorVersion;
				minimumVersion = 5.0.0;
			};
		};
		F45F3A912AB8A66C00EB8AFA /* XCRemoteSwiftPackageReference "Alamofire" */ = {
			isa = XCRemoteSwiftPackageReference;
			repositoryURL = "https://github.com/Alamofire/Alamofire.git";
			requirement = {
				kind = upToNextMajorVersion;
				minimumVersion = 5.0.0;
			};
		};
/* End XCRemoteSwiftPackageReference section */

/* Begin XCSwiftPackageProductDependency section */
		F45F3A8F2AB8A19E00EB8AFA /* SnapKit */ = {
			isa = XCSwiftPackageProductDependency;
			package = F45F3A8E2AB8A19E00EB8AFA /* XCRemoteSwiftPackageReference "SnapKit" */;
			productName = SnapKit;
		};
		F45F3A922AB8A66C00EB8AFA /* Alamofire */ = {
			isa = XCSwiftPackageProductDependency;
			package = F45F3A912AB8A66C00EB8AFA /* XCRemoteSwiftPackageReference "Alamofire" */;
			productName = Alamofire;
		};
/* End XCSwiftPackageProductDependency section */
	};
	rootObject = F45F3A622AB89A3C00EB8AFA /* Project object */;
}
